# This file is automatically @generated by Poetry 1.8.1 and should not be changed by hand.

[[package]]
name = "mcpi"
version = "1.2.1"
description = "Python library for the Minecraft Pi edition and RaspberryJuice API"
optional = false
python-versions = "*"
files = [
    {file = "mcpi-1.2.1-py3-none-any.whl", hash = "sha256:2f9cd8d40ab0935cb5a92c8aeb65f9056a9d1b05d5a20c8ce93766aa053c8356"},
    {file = "mcpi-1.2.1.tar.gz", hash = "sha256:6fb8a80395bdbed8f18d7a3d12514f603e51bb4695f926cb1920eaf799b42526"},
]

[metadata]
lock-version = "2.0"
python-versions = "^3.12"
content-hash = "d303a5b0d4865c8364028db2d9b0fe82e1d20a4d6dcfa82b2724b9fa644470dd"
